{
  "name": "temp",
  "version": "1.0.0",
  "lockfileVersion": 3,
  "requires": true,
  "packages": {
    "": {
      "name": "temp",
      "version": "1.0.0",
      "dependencies": {
        "@google-cloud/precise-date": "^4.0.0",
        "@opentelemetry/api": "^1.8.0",
        "@opentelemetry/api-logs": "^0.49.1",
        "@opentelemetry/exporter-logs-otlp-http": "^0.49.1",
        "@opentelemetry/exporter-trace-otlp-http": "^0.49.1",
        "@opentelemetry/instrumentation": "^0.49.1",
        "@opentelemetry/resources": "^1.22.0",
        "@opentelemetry/sdk-logs": "^0.49.1",
        "@opentelemetry/sdk-trace-node": "^1.22.0",
        "@opentelemetry/semantic-conventions": "^1.22.0",
        "humanize-duration": "^3.27.3",
        "source-map-support": "^0.5.21",
        "superjson": "^2.2.1",
        "zod": "3.22.3",
        "zod-validation-error": "^1.5.0"
      }
    },
    "node_modules/@google-cloud/precise-date": {
      "version": "4.0.0",
      "resolved": "https://registry.npmjs.org/@google-cloud/precise-date/-/precise-date-4.0.0.tgz",
      "integrity": "sha512-1TUx3KdaU3cN7nfCdNf+UVqA/PSX29Cjcox3fZZBtINlRrXVTmUkQnCKv2MbBUbCopbK4olAT1IHl76uZyCiVA==",
      "engines": {
        "node": ">=14.0.0"
      }
    },
    "node_modules/@opentelemetry/api": {
      "version": "1.8.0",
      "resolved": "https://registry.npmjs.org/@opentelemetry/api/-/api-1.8.0.tgz",
      "integrity": "sha512-I/s6F7yKUDdtMsoBWXJe8Qz40Tui5vsuKCWJEWVL+5q9sSWRzzx6v2KeNsOBEwd94j0eWkpWCH4yB6rZg9Mf0w==",
      "engines": {
        "node": ">=8.0.0"
      }
    },
    "node_modules/@opentelemetry/api-logs": {
      "version": "0.49.1",
      "resolved": "https://registry.npmjs.org/@opentelemetry/api-logs/-/api-logs-0.49.1.tgz",
      "integrity": "sha512-kaNl/T7WzyMUQHQlVq7q0oV4Kev6+0xFwqzofryC66jgGMacd0QH5TwfpbUwSTby+SdAdprAe5UKMvBw4tKS5Q==",
      "dependencies": {
        "@opentelemetry/api": "^1.0.0"
      },
      "engines": {
        "node": ">=14"
      }
    },
    "node_modules/@opentelemetry/exporter-logs-otlp-http": {
      "version": "0.49.1",
      "resolved": "https://registry.npmjs.org/@opentelemetry/exporter-logs-otlp-http/-/exporter-logs-otlp-http-0.49.1.tgz",
      "integrity": "sha512-3QoBnIGCmEkujynUP0mK155QtOM0MSf9FNrEw7u9ieCFsoMiyatg2hPp+alEDONJ8N8wGEK+wP2q3icgXBiggw==",
      "dependencies": {
        "@opentelemetry/api-logs": "0.49.1",
        "@opentelemetry/core": "1.22.0",
        "@opentelemetry/otlp-exporter-base": "0.49.1",
        "@opentelemetry/otlp-transformer": "0.49.1",
        "@opentelemetry/sdk-logs": "0.49.1"
      },
      "engines": {
        "node": ">=14"
      },
      "peerDependencies": {
        "@opentelemetry/api": "^1.0.0"
      }
    },
    "node_modules/@opentelemetry/exporter-logs-otlp-http/node_modules/@opentelemetry/core": {
      "version": "1.22.0",
      "resolved": "https://registry.npmjs.org/@opentelemetry/core/-/core-1.22.0.tgz",
      "integrity": "sha512-0VoAlT6x+Xzik1v9goJ3pZ2ppi6+xd3aUfg4brfrLkDBHRIVjMP0eBHrKrhB+NKcDyMAg8fAbGL3Npg/F6AwWA==",
      "dependencies": {
        "@opentelemetry/semantic-conventions": "1.22.0"
      },
      "engines": {
        "node": ">=14"
      },
      "peerDependencies": {
        "@opentelemetry/api": ">=1.0.0 <1.9.0"
      }
    },
    "node_modules/@opentelemetry/exporter-logs-otlp-http/node_modules/@opentelemetry/core/node_modules/@opentelemetry/semantic-conventions": {
      "version": "1.22.0",
      "resolved": "https://registry.npmjs.org/@opentelemetry/semantic-conventions/-/semantic-conventions-1.22.0.tgz",
      "integrity": "sha512-CAOgFOKLybd02uj/GhCdEeeBjOS0yeoDeo/CA7ASBSmenpZHAKGB3iDm/rv3BQLcabb/OprDEsSQ1y0P8A7Siw==",
      "engines": {
        "node": ">=14"
      }
    },
    "node_modules/@opentelemetry/exporter-logs-otlp-http/node_modules/@opentelemetry/otlp-exporter-base": {
      "version": "0.49.1",
      "resolved": "https://registry.npmjs.org/@opentelemetry/otlp-exporter-base/-/otlp-exporter-base-0.49.1.tgz",
      "integrity": "sha512-z6sHliPqDgJU45kQatAettY9/eVF58qVPaTuejw9YWfSRqid9pXPYeegDCSdyS47KAUgAtm+nC28K3pfF27HWg==",
      "dependencies": {
        "@opentelemetry/core": "1.22.0"
      },
      "engines": {
        "node": ">=14"
      },
      "peerDependencies": {
        "@opentelemetry/api": "^1.0.0"
      }
    },
    "node_modules/@opentelemetry/exporter-logs-otlp-http/node_modules/@opentelemetry/otlp-transformer": {
      "version": "0.49.1",
      "resolved": "https://registry.npmjs.org/@opentelemetry/otlp-transformer/-/otlp-transformer-0.49.1.tgz",
      "integrity": "sha512-Z+koA4wp9L9e3jkFacyXTGphSWTbOKjwwXMpb0CxNb0kjTHGUxhYRN8GnkLFsFo5NbZPjP07hwAqeEG/uCratQ==",
      "dependencies": {
        "@opentelemetry/api-logs": "0.49.1",
        "@opentelemetry/core": "1.22.0",
        "@opentelemetry/resources": "1.22.0",
        "@opentelemetry/sdk-logs": "0.49.1",
        "@opentelemetry/sdk-metrics": "1.22.0",
        "@opentelemetry/sdk-trace-base": "1.22.0"
      },
      "engines": {
        "node": ">=14"
      },
      "peerDependencies": {
        "@opentelemetry/api": ">=1.3.0 <1.9.0"
      }
    },
    "node_modules/@opentelemetry/exporter-logs-otlp-http/node_modules/@opentelemetry/otlp-transformer/node_modules/@opentelemetry/resources": {
      "version": "1.22.0",
      "resolved": "https://registry.npmjs.org/@opentelemetry/resources/-/resources-1.22.0.tgz",
      "integrity": "sha512-+vNeIFPH2hfcNL0AJk/ykJXoUCtR1YaDUZM+p3wZNU4Hq98gzq+7b43xbkXjadD9VhWIUQqEwXyY64q6msPj6A==",
      "dependencies": {
        "@opentelemetry/core": "1.22.0",
        "@opentelemetry/semantic-conventions": "1.22.0"
      },
      "engines": {
        "node": ">=14"
      },
      "peerDependencies": {
        "@opentelemetry/api": ">=1.0.0 <1.9.0"
      }
    },
    "node_modules/@opentelemetry/exporter-logs-otlp-http/node_modules/@opentelemetry/otlp-transformer/node_modules/@opentelemetry/resources/node_modules/@opentelemetry/semantic-conventions": {
      "version": "1.22.0",
      "resolved": "https://registry.npmjs.org/@opentelemetry/semantic-conventions/-/semantic-conventions-1.22.0.tgz",
      "integrity": "sha512-CAOgFOKLybd02uj/GhCdEeeBjOS0yeoDeo/CA7ASBSmenpZHAKGB3iDm/rv3BQLcabb/OprDEsSQ1y0P8A7Siw==",
      "engines": {
        "node": ">=14"
      }
    },
    "node_modules/@opentelemetry/exporter-logs-otlp-http/node_modules/@opentelemetry/otlp-transformer/node_modules/@opentelemetry/sdk-metrics": {
      "version": "1.22.0",
      "resolved": "https://registry.npmjs.org/@opentelemetry/sdk-metrics/-/sdk-metrics-1.22.0.tgz",
      "integrity": "sha512-k6iIx6H3TZ+BVMr2z8M16ri2OxWaljg5h8ihGJxi/KQWcjign6FEaEzuigXt5bK9wVEhqAcWLCfarSftaNWkkg==",
      "dependencies": {
        "@opentelemetry/core": "1.22.0",
        "@opentelemetry/resources": "1.22.0",
        "lodash.merge": "^4.6.2"
      },
      "engines": {
        "node": ">=14"
      },
      "peerDependencies": {
        "@opentelemetry/api": ">=1.3.0 <1.9.0"
      }
    },
    "node_modules/@opentelemetry/exporter-logs-otlp-http/node_modules/@opentelemetry/otlp-transformer/node_modules/@opentelemetry/sdk-metrics/node_modules/lodash.merge": {
      "version": "4.6.2",
      "resolved": "https://registry.npmjs.org/lodash.merge/-/lodash.merge-4.6.2.tgz",
      "integrity": "sha512-0KpjqXRVvrYyCsX1swR/XTK0va6VQkQM6MNo7PqW77ByjAhoARA8EfrP1N4+KlKj8YS0ZUCtRT/YUuhyYDujIQ=="
    },
    "node_modules/@opentelemetry/exporter-logs-otlp-http/node_modules/@opentelemetry/otlp-transformer/node_modules/@opentelemetry/sdk-trace-base": {
      "version": "1.22.0",
      "resolved": "https://registry.npmjs.org/@opentelemetry/sdk-trace-base/-/sdk-trace-base-1.22.0.tgz",
      "integrity": "sha512-pfTuSIpCKONC6vkTpv6VmACxD+P1woZf4q0K46nSUvXFvOFqjBYKFaAMkKD3M1mlKUUh0Oajwj35qNjMl80m1Q==",
      "dependencies": {
        "@opentelemetry/core": "1.22.0",
        "@opentelemetry/resources": "1.22.0",
        "@opentelemetry/semantic-conventions": "1.22.0"
      },
      "engines": {
        "node": ">=14"
      },
      "peerDependencies": {
        "@opentelemetry/api": ">=1.0.0 <1.9.0"
      }
    },
    "node_modules/@opentelemetry/exporter-logs-otlp-http/node_modules/@opentelemetry/otlp-transformer/node_modules/@opentelemetry/sdk-trace-base/node_modules/@opentelemetry/semantic-conventions": {
      "version": "1.22.0",
      "resolved": "https://registry.npmjs.org/@opentelemetry/semantic-conventions/-/semantic-conventions-1.22.0.tgz",
      "integrity": "sha512-CAOgFOKLybd02uj/GhCdEeeBjOS0yeoDeo/CA7ASBSmenpZHAKGB3iDm/rv3BQLcabb/OprDEsSQ1y0P8A7Siw==",
      "engines": {
        "node": ">=14"
      }
    },
    "node_modules/@opentelemetry/exporter-trace-otlp-http": {
      "version": "0.49.1",
      "resolved": "https://registry.npmjs.org/@opentelemetry/exporter-trace-otlp-http/-/exporter-trace-otlp-http-0.49.1.tgz",
      "integrity": "sha512-KOLtZfZvIrpGZLVvblKsiVQT7gQUZNKcUUH24Zz6Xbi7LJb9Vt6xtUZFYdR5IIjvt47PIqBKDWUQlU0o1wAsRw==",
      "dependencies": {
        "@opentelemetry/core": "1.22.0",
        "@opentelemetry/otlp-exporter-base": "0.49.1",
        "@opentelemetry/otlp-transformer": "0.49.1",
        "@opentelemetry/resources": "1.22.0",
        "@opentelemetry/sdk-trace-base": "1.22.0"
      },
      "engines": {
        "node": ">=14"
      },
      "peerDependencies": {
        "@opentelemetry/api": "^1.0.0"
      }
    },
    "node_modules/@opentelemetry/exporter-trace-otlp-http/node_modules/@opentelemetry/core": {
      "version": "1.22.0",
      "resolved": "https://registry.npmjs.org/@opentelemetry/core/-/core-1.22.0.tgz",
      "integrity": "sha512-0VoAlT6x+Xzik1v9goJ3pZ2ppi6+xd3aUfg4brfrLkDBHRIVjMP0eBHrKrhB+NKcDyMAg8fAbGL3Npg/F6AwWA==",
      "dependencies": {
        "@opentelemetry/semantic-conventions": "1.22.0"
      },
      "engines": {
        "node": ">=14"
      },
      "peerDependencies": {
        "@opentelemetry/api": ">=1.0.0 <1.9.0"
      }
    },
    "node_modules/@opentelemetry/exporter-trace-otlp-http/node_modules/@opentelemetry/core/node_modules/@opentelemetry/semantic-conventions": {
      "version": "1.22.0",
      "resolved": "https://registry.npmjs.org/@opentelemetry/semantic-conventions/-/semantic-conventions-1.22.0.tgz",
      "integrity": "sha512-CAOgFOKLybd02uj/GhCdEeeBjOS0yeoDeo/CA7ASBSmenpZHAKGB3iDm/rv3BQLcabb/OprDEsSQ1y0P8A7Siw==",
      "engines": {
        "node": ">=14"
      }
    },
    "node_modules/@opentelemetry/exporter-trace-otlp-http/node_modules/@opentelemetry/otlp-exporter-base": {
      "version": "0.49.1",
      "resolved": "https://registry.npmjs.org/@opentelemetry/otlp-exporter-base/-/otlp-exporter-base-0.49.1.tgz",
      "integrity": "sha512-z6sHliPqDgJU45kQatAettY9/eVF58qVPaTuejw9YWfSRqid9pXPYeegDCSdyS47KAUgAtm+nC28K3pfF27HWg==",
      "dependencies": {
        "@opentelemetry/core": "1.22.0"
      },
      "engines": {
        "node": ">=14"
      },
      "peerDependencies": {
        "@opentelemetry/api": "^1.0.0"
      }
    },
    "node_modules/@opentelemetry/exporter-trace-otlp-http/node_modules/@opentelemetry/otlp-transformer": {
      "version": "0.49.1",
      "resolved": "https://registry.npmjs.org/@opentelemetry/otlp-transformer/-/otlp-transformer-0.49.1.tgz",
      "integrity": "sha512-Z+koA4wp9L9e3jkFacyXTGphSWTbOKjwwXMpb0CxNb0kjTHGUxhYRN8GnkLFsFo5NbZPjP07hwAqeEG/uCratQ==",
      "dependencies": {
        "@opentelemetry/api-logs": "0.49.1",
        "@opentelemetry/core": "1.22.0",
        "@opentelemetry/resources": "1.22.0",
        "@opentelemetry/sdk-logs": "0.49.1",
        "@opentelemetry/sdk-metrics": "1.22.0",
        "@opentelemetry/sdk-trace-base": "1.22.0"
      },
      "engines": {
        "node": ">=14"
      },
      "peerDependencies": {
        "@opentelemetry/api": ">=1.3.0 <1.9.0"
      }
    },
    "node_modules/@opentelemetry/exporter-trace-otlp-http/node_modules/@opentelemetry/otlp-transformer/node_modules/@opentelemetry/sdk-metrics": {
      "version": "1.22.0",
      "resolved": "https://registry.npmjs.org/@opentelemetry/sdk-metrics/-/sdk-metrics-1.22.0.tgz",
      "integrity": "sha512-k6iIx6H3TZ+BVMr2z8M16ri2OxWaljg5h8ihGJxi/KQWcjign6FEaEzuigXt5bK9wVEhqAcWLCfarSftaNWkkg==",
      "dependencies": {
        "@opentelemetry/core": "1.22.0",
        "@opentelemetry/resources": "1.22.0",
        "lodash.merge": "^4.6.2"
      },
      "engines": {
        "node": ">=14"
      },
      "peerDependencies": {
        "@opentelemetry/api": ">=1.3.0 <1.9.0"
      }
    },
    "node_modules/@opentelemetry/exporter-trace-otlp-http/node_modules/@opentelemetry/otlp-transformer/node_modules/@opentelemetry/sdk-metrics/node_modules/lodash.merge": {
      "version": "4.6.2",
      "resolved": "https://registry.npmjs.org/lodash.merge/-/lodash.merge-4.6.2.tgz",
      "integrity": "sha512-0KpjqXRVvrYyCsX1swR/XTK0va6VQkQM6MNo7PqW77ByjAhoARA8EfrP1N4+KlKj8YS0ZUCtRT/YUuhyYDujIQ=="
    },
    "node_modules/@opentelemetry/exporter-trace-otlp-http/node_modules/@opentelemetry/resources": {
      "version": "1.22.0",
      "resolved": "https://registry.npmjs.org/@opentelemetry/resources/-/resources-1.22.0.tgz",
      "integrity": "sha512-+vNeIFPH2hfcNL0AJk/ykJXoUCtR1YaDUZM+p3wZNU4Hq98gzq+7b43xbkXjadD9VhWIUQqEwXyY64q6msPj6A==",
      "dependencies": {
        "@opentelemetry/core": "1.22.0",
        "@opentelemetry/semantic-conventions": "1.22.0"
      },
      "engines": {
        "node": ">=14"
      },
      "peerDependencies": {
        "@opentelemetry/api": ">=1.0.0 <1.9.0"
      }
    },
    "node_modules/@opentelemetry/exporter-trace-otlp-http/node_modules/@opentelemetry/resources/node_modules/@opentelemetry/semantic-conventions": {
      "version": "1.22.0",
      "resolved": "https://registry.npmjs.org/@opentelemetry/semantic-conventions/-/semantic-conventions-1.22.0.tgz",
      "integrity": "sha512-CAOgFOKLybd02uj/GhCdEeeBjOS0yeoDeo/CA7ASBSmenpZHAKGB3iDm/rv3BQLcabb/OprDEsSQ1y0P8A7Siw==",
      "engines": {
        "node": ">=14"
      }
    },
    "node_modules/@opentelemetry/exporter-trace-otlp-http/node_modules/@opentelemetry/sdk-trace-base": {
      "version": "1.22.0",
      "resolved": "https://registry.npmjs.org/@opentelemetry/sdk-trace-base/-/sdk-trace-base-1.22.0.tgz",
      "integrity": "sha512-pfTuSIpCKONC6vkTpv6VmACxD+P1woZf4q0K46nSUvXFvOFqjBYKFaAMkKD3M1mlKUUh0Oajwj35qNjMl80m1Q==",
      "dependencies": {
        "@opentelemetry/core": "1.22.0",
        "@opentelemetry/resources": "1.22.0",
        "@opentelemetry/semantic-conventions": "1.22.0"
      },
      "engines": {
        "node": ">=14"
      },
      "peerDependencies": {
        "@opentelemetry/api": ">=1.0.0 <1.9.0"
      }
    },
    "node_modules/@opentelemetry/exporter-trace-otlp-http/node_modules/@opentelemetry/sdk-trace-base/node_modules/@opentelemetry/semantic-conventions": {
      "version": "1.22.0",
      "resolved": "https://registry.npmjs.org/@opentelemetry/semantic-conventions/-/semantic-conventions-1.22.0.tgz",
      "integrity": "sha512-CAOgFOKLybd02uj/GhCdEeeBjOS0yeoDeo/CA7ASBSmenpZHAKGB3iDm/rv3BQLcabb/OprDEsSQ1y0P8A7Siw==",
      "engines": {
        "node": ">=14"
      }
    },
    "node_modules/@opentelemetry/instrumentation": {
      "version": "0.49.1",
      "resolved": "https://registry.npmjs.org/@opentelemetry/instrumentation/-/instrumentation-0.49.1.tgz",
      "integrity": "sha512-0DLtWtaIppuNNRRllSD4bjU8ZIiLp1cDXvJEbp752/Zf+y3gaLNaoGRGIlX4UHhcsrmtL+P2qxi3Hodi8VuKiQ==",
      "dependencies": {
        "@opentelemetry/api-logs": "0.49.1",
        "@types/shimmer": "^1.0.2",
        "import-in-the-middle": "1.7.1",
        "require-in-the-middle": "^7.1.1",
        "semver": "^7.5.2",
        "shimmer": "^1.2.1"
      },
      "engines": {
        "node": ">=14"
      },
      "peerDependencies": {
        "@opentelemetry/api": "^1.3.0"
      }
    },
    "node_modules/@opentelemetry/instrumentation/node_modules/@types/shimmer": {
      "version": "1.2.0",
      "resolved": "https://registry.npmjs.org/@types/shimmer/-/shimmer-1.2.0.tgz",
      "integrity": "sha512-UE7oxhQLLd9gub6JKIAhDq06T0F6FnztwMNRvYgjeQSBeMc1ZG/tA47EwfduvkuQS8apbkM/lpLpWsaCeYsXVg=="
    },
    "node_modules/@opentelemetry/instrumentation/node_modules/import-in-the-middle": {
      "version": "1.7.1",
      "resolved": "https://registry.npmjs.org/import-in-the-middle/-/import-in-the-middle-1.7.1.tgz",
      "integrity": "sha512-1LrZPDtW+atAxH42S6288qyDFNQ2YCty+2mxEPRtfazH6Z5QwkaBSTS2ods7hnVJioF6rkRfNoA6A/MstpFXLg==",
      "dependencies": {
        "acorn": "^8.8.2",
        "acorn-import-assertions": "^1.9.0",
        "cjs-module-lexer": "^1.2.2",
        "module-details-from-path": "^1.0.3"
      }
    },
    "node_modules/@opentelemetry/instrumentation/node_modules/import-in-the-middle/node_modules/acorn": {
      "version": "8.12.1",
      "resolved": "https://registry.npmjs.org/acorn/-/acorn-8.12.1.tgz",
      "integrity": "sha512-tcpGyI9zbizT9JbV6oYE477V6mTlXvvi0T0G3SNIYE2apm/G5huBa1+K89VGeovbg+jycCrfhl3ADxErOuO6Jg==",
      "bin": {
        "acorn": "bin/acorn"
      },
      "engines": {
        "node": ">=0.4.0"
      }
    },
    "node_modules/@opentelemetry/instrumentation/node_modules/import-in-the-middle/node_modules/acorn-import-assertions": {
      "version": "1.9.0",
      "resolved": "https://registry.npmjs.org/acorn-import-assertions/-/acorn-import-assertions-1.9.0.tgz",
      "integrity": "sha512-cmMwop9x+8KFhxvKrKfPYmN6/pKTYYHBqLa0DfvVZcKMJWNyWLnaqND7dx/qn66R7ewM1UX5XMaDVP5wlVTaVA==",
      "peerDependencies": {
        "acorn": "^8"
      }
    },
    "node_modules/@opentelemetry/instrumentation/node_modules/import-in-the-middle/node_modules/cjs-module-lexer": {
      "version": "1.4.0",
      "resolved": "https://registry.npmjs.org/cjs-module-lexer/-/cjs-module-lexer-1.4.0.tgz",
      "integrity": "sha512-N1NGmowPlGBLsOZLPvm48StN04V4YvQRL0i6b7ctrVY3epjP/ct7hFLOItz6pDIvRjwpfPxi52a2UWV2ziir8g=="
    },
    "node_modules/@opentelemetry/instrumentation/node_modules/import-in-the-middle/node_modules/module-details-from-path": {
      "version": "1.0.3",
      "resolved": "https://registry.npmjs.org/module-details-from-path/-/module-details-from-path-1.0.3.tgz",
      "integrity": "sha512-ySViT69/76t8VhE1xXHK6Ch4NcDd26gx0MzKXLO+F7NOtnqH68d9zF94nT8ZWSxXh8ELOERsnJO/sWt1xZYw5A=="
    },
    "node_modules/@opentelemetry/instrumentation/node_modules/require-in-the-middle": {
      "version": "7.4.0",
      "resolved": "https://registry.npmjs.org/require-in-the-middle/-/require-in-the-middle-7.4.0.tgz",
      "integrity": "sha512-X34iHADNbNDfr6OTStIAHWSAvvKQRYgLO6duASaVf7J2VA3lvmNYboAHOuLC2huav1IwgZJtyEcJCKVzFxOSMQ==",
      "dependencies": {
        "debug": "^4.3.5",
        "module-details-from-path": "^1.0.3",
        "resolve": "^1.22.8"
      },
      "engines": {
        "node": ">=8.6.0"
      }
    },
    "node_modules/@opentelemetry/instrumentation/node_modules/require-in-the-middle/node_modules/debug": {
      "version": "4.3.6",
      "resolved": "https://registry.npmjs.org/debug/-/debug-4.3.6.tgz",
      "integrity": "sha512-O/09Bd4Z1fBrU4VzkhFqVgpPzaGbw6Sm9FEkBT1A/YBXQFGuuSxa1dN2nxgxS34JmKXqYx8CZAwEVoJFImUXIg==",
      "dependencies": {
        "ms": "2.1.2"
      },
      "engines": {
        "node": ">=6.0"
      },
      "peerDependenciesMeta": {
        "supports-color": {
          "optional": true
        }
      }
    },
    "node_modules/@opentelemetry/instrumentation/node_modules/require-in-the-middle/node_modules/debug/node_modules/ms": {
      "version": "2.1.2",
      "resolved": "https://registry.npmjs.org/ms/-/ms-2.1.2.tgz",
      "integrity": "sha512-sGkPx+VjMtmA6MX27oA4FBFELFCZZ4S4XqeGOXCv68tT+jb3vk/RyaKWP0PTKyWtmLSM0b+adUTEvbs1PEaH2w=="
    },
    "node_modules/@opentelemetry/instrumentation/node_modules/require-in-the-middle/node_modules/module-details-from-path": {
      "version": "1.0.3",
      "resolved": "https://registry.npmjs.org/module-details-from-path/-/module-details-from-path-1.0.3.tgz",
      "integrity": "sha512-ySViT69/76t8VhE1xXHK6Ch4NcDd26gx0MzKXLO+F7NOtnqH68d9zF94nT8ZWSxXh8ELOERsnJO/sWt1xZYw5A=="
    },
    "node_modules/@opentelemetry/instrumentation/node_modules/require-in-the-middle/node_modules/resolve": {
      "version": "1.22.8",
      "resolved": "https://registry.npmjs.org/resolve/-/resolve-1.22.8.tgz",
      "integrity": "sha512-oKWePCxqpd6FlLvGV1VU0x7bkPmmCNolxzjMf4NczoDnQcIWrAF+cPtZn5i6n+RfD2d9i0tzpKnG6Yk168yIyw==",
      "dependencies": {
        "is-core-module": "^2.13.0",
        "path-parse": "^1.0.7",
        "supports-preserve-symlinks-flag": "^1.0.0"
      },
      "bin": {
        "resolve": "bin/resolve"
      },
      "funding": {
        "url": "https://github.com/sponsors/ljharb"
      }
    },
    "node_modules/@opentelemetry/instrumentation/node_modules/require-in-the-middle/node_modules/resolve/node_modules/is-core-module": {
      "version": "2.15.1",
      "resolved": "https://registry.npmjs.org/is-core-module/-/is-core-module-2.15.1.tgz",
      "integrity": "sha512-z0vtXSwucUJtANQWldhbtbt7BnL0vxiFjIdDLAatwhDYty2bad6s+rijD6Ri4YuYJubLzIJLUidCh09e1djEVQ==",
      "dependencies": {
        "hasown": "^2.0.2"
      },
      "engines": {
        "node": ">= 0.4"
      },
      "funding": {
        "url": "https://github.com/sponsors/ljharb"
      }
    },
    "node_modules/@opentelemetry/instrumentation/node_modules/require-in-the-middle/node_modules/resolve/node_modules/is-core-module/node_modules/hasown": {
      "version": "2.0.2",
      "resolved": "https://registry.npmjs.org/hasown/-/hasown-2.0.2.tgz",
      "integrity": "sha512-0hJU9SCPvmMzIBdZFqNPXWa6dqh7WdH0cII9y+CyS8rG3nL48Bclra9HmKhVVUHyPWNH5Y7xDwAB7bfgSjkUMQ==",
      "dependencies": {
        "function-bind": "^1.1.2"
      },
      "engines": {
        "node": ">= 0.4"
      }
    },
    "node_modules/@opentelemetry/instrumentation/node_modules/require-in-the-middle/node_modules/resolve/node_modules/is-core-module/node_modules/hasown/node_modules/function-bind": {
      "version": "1.1.2",
      "resolved": "https://registry.npmjs.org/function-bind/-/function-bind-1.1.2.tgz",
      "integrity": "sha512-7XHNxH7qX9xG5mIwxkhumTox/MIRNcOgDrxWsMt2pAr23WHp6MrRlN7FBSFpCpr+oVO0F744iUgR82nJMfG2SA==",
      "funding": {
        "url": "https://github.com/sponsors/ljharb"
      }
    },
    "node_modules/@opentelemetry/instrumentation/node_modules/require-in-the-middle/node_modules/resolve/node_modules/path-parse": {
      "version": "1.0.7",
      "resolved": "https://registry.npmjs.org/path-parse/-/path-parse-1.0.7.tgz",
      "integrity": "sha512-LDJzPVEEEPR+y48z93A0Ed0yXb8pAByGWo/k5YYdYgpY2/2EsOsksJrq7lOHxryrVOn1ejG6oAp8ahvOIQD8sw=="
    },
    "node_modules/@opentelemetry/instrumentation/node_modules/require-in-the-middle/node_modules/resolve/node_modules/supports-preserve-symlinks-flag": {
      "version": "1.0.0",
      "resolved": "https://registry.npmjs.org/supports-preserve-symlinks-flag/-/supports-preserve-symlinks-flag-1.0.0.tgz",
      "integrity": "sha512-ot0WnXS9fgdkgIcePe6RHNk1WA8+muPa6cSjeR3V8K27q9BB1rTE3R1p7Hv0z1ZyAc8s6Vvv8DIyWf681MAt0w==",
      "engines": {
        "node": ">= 0.4"
      },
      "funding": {
        "url": "https://github.com/sponsors/ljharb"
      }
    },
    "node_modules/@opentelemetry/instrumentation/node_modules/semver": {
      "version": "7.6.3",
      "resolved": "https://registry.npmjs.org/semver/-/semver-7.6.3.tgz",
      "integrity": "sha512-oVekP1cKtI+CTDvHWYFUcMtsK/00wmAEfyqKfNdARm8u1wNVhSgaX7A8d4UuIlUI5e84iEwOhs7ZPYRmzU9U6A==",
      "bin": {
        "semver": "bin/semver.js"
      },
      "engines": {
        "node": ">=10"
      }
    },
    "node_modules/@opentelemetry/instrumentation/node_modules/shimmer": {
      "version": "1.2.1",
      "resolved": "https://registry.npmjs.org/shimmer/-/shimmer-1.2.1.tgz",
      "integrity": "sha512-sQTKC1Re/rM6XyFM6fIAGHRPVGvyXfgzIDvzoq608vM+jeyVD0Tu1E6Np0Kc2zAIFWIj963V2800iF/9LPieQw=="
    },
    "node_modules/@opentelemetry/resources": {
      "version": "1.26.0",
      "resolved": "https://registry.npmjs.org/@opentelemetry/resources/-/resources-1.26.0.tgz",
      "integrity": "sha512-CPNYchBE7MBecCSVy0HKpUISEeJOniWqcHaAHpmasZ3j9o6V3AyBzhRc90jdmemq0HOxDr6ylhUbDhBqqPpeNw==",
      "dependencies": {
        "@opentelemetry/core": "1.26.0",
        "@opentelemetry/semantic-conventions": "1.27.0"
      },
      "engines": {
        "node": ">=14"
      },
      "peerDependencies": {
        "@opentelemetry/api": ">=1.0.0 <1.10.0"
      }
    },
    "node_modules/@opentelemetry/resources/node_modules/@opentelemetry/core": {
      "version": "1.26.0",
      "resolved": "https://registry.npmjs.org/@opentelemetry/core/-/core-1.26.0.tgz",
      "integrity": "sha512-1iKxXXE8415Cdv0yjG3G6hQnB5eVEsJce3QaawX8SjDn0mAS0ZM8fAbZZJD4ajvhC15cePvosSCut404KrIIvQ==",
      "dependencies": {
        "@opentelemetry/semantic-conventions": "1.27.0"
      },
      "engines": {
        "node": ">=14"
      },
      "peerDependencies": {
        "@opentelemetry/api": ">=1.0.0 <1.10.0"
      }
    },
    "node_modules/@opentelemetry/sdk-logs": {
      "version": "0.49.1",
      "resolved": "https://registry.npmjs.org/@opentelemetry/sdk-logs/-/sdk-logs-0.49.1.tgz",
      "integrity": "sha512-gCzYWsJE0h+3cuh3/cK+9UwlVFyHvj3PReIOCDOmdeXOp90ZjKRoDOJBc3mvk1LL6wyl1RWIivR8Rg9OToyesw==",
      "dependencies": {
        "@opentelemetry/core": "1.22.0",
        "@opentelemetry/resources": "1.22.0"
      },
      "engines": {
        "node": ">=14"
      },
      "peerDependencies": {
        "@opentelemetry/api": ">=1.4.0 <1.9.0",
        "@opentelemetry/api-logs": ">=0.39.1"
      }
    },
    "node_modules/@opentelemetry/sdk-logs/node_modules/@opentelemetry/core": {
      "version": "1.22.0",
      "resolved": "https://registry.npmjs.org/@opentelemetry/core/-/core-1.22.0.tgz",
      "integrity": "sha512-0VoAlT6x+Xzik1v9goJ3pZ2ppi6+xd3aUfg4brfrLkDBHRIVjMP0eBHrKrhB+NKcDyMAg8fAbGL3Npg/F6AwWA==",
      "dependencies": {
        "@opentelemetry/semantic-conventions": "1.22.0"
      },
      "engines": {
        "node": ">=14"
      },
      "peerDependencies": {
        "@opentelemetry/api": ">=1.0.0 <1.9.0"
      }
    },
    "node_modules/@opentelemetry/sdk-logs/node_modules/@opentelemetry/core/node_modules/@opentelemetry/semantic-conventions": {
      "version": "1.22.0",
      "resolved": "https://registry.npmjs.org/@opentelemetry/semantic-conventions/-/semantic-conventions-1.22.0.tgz",
      "integrity": "sha512-CAOgFOKLybd02uj/GhCdEeeBjOS0yeoDeo/CA7ASBSmenpZHAKGB3iDm/rv3BQLcabb/OprDEsSQ1y0P8A7Siw==",
      "engines": {
        "node": ">=14"
      }
    },
    "node_modules/@opentelemetry/sdk-logs/node_modules/@opentelemetry/resources": {
      "version": "1.22.0",
      "resolved": "https://registry.npmjs.org/@opentelemetry/resources/-/resources-1.22.0.tgz",
      "integrity": "sha512-+vNeIFPH2hfcNL0AJk/ykJXoUCtR1YaDUZM+p3wZNU4Hq98gzq+7b43xbkXjadD9VhWIUQqEwXyY64q6msPj6A==",
      "dependencies": {
        "@opentelemetry/core": "1.22.0",
        "@opentelemetry/semantic-conventions": "1.22.0"
      },
      "engines": {
        "node": ">=14"
      },
      "peerDependencies": {
        "@opentelemetry/api": ">=1.0.0 <1.9.0"
      }
    },
    "node_modules/@opentelemetry/sdk-logs/node_modules/@opentelemetry/resources/node_modules/@opentelemetry/semantic-conventions": {
      "version": "1.22.0",
      "resolved": "https://registry.npmjs.org/@opentelemetry/semantic-conventions/-/semantic-conventions-1.22.0.tgz",
      "integrity": "sha512-CAOgFOKLybd02uj/GhCdEeeBjOS0yeoDeo/CA7ASBSmenpZHAKGB3iDm/rv3BQLcabb/OprDEsSQ1y0P8A7Siw==",
      "engines": {
        "node": ">=14"
      }
    },
    "node_modules/@opentelemetry/sdk-trace-node": {
      "version": "1.26.0",
      "resolved": "https://registry.npmjs.org/@opentelemetry/sdk-trace-node/-/sdk-trace-node-1.26.0.tgz",
      "integrity": "sha512-Fj5IVKrj0yeUwlewCRwzOVcr5avTuNnMHWf7GPc1t6WaT78J6CJyF3saZ/0RkZfdeNO8IcBl/bNcWMVZBMRW8Q==",
      "dependencies": {
        "@opentelemetry/context-async-hooks": "1.26.0",
        "@opentelemetry/core": "1.26.0",
        "@opentelemetry/propagator-b3": "1.26.0",
        "@opentelemetry/propagator-jaeger": "1.26.0",
        "@opentelemetry/sdk-trace-base": "1.26.0",
        "semver": "^7.5.2"
      },
      "engines": {
        "node": ">=14"
      },
      "peerDependencies": {
        "@opentelemetry/api": ">=1.0.0 <1.10.0"
      }
    },
    "node_modules/@opentelemetry/sdk-trace-node/node_modules/@opentelemetry/context-async-hooks": {
      "version": "1.26.0",
      "resolved": "https://registry.npmjs.org/@opentelemetry/context-async-hooks/-/context-async-hooks-1.26.0.tgz",
      "integrity": "sha512-HedpXXYzzbaoutw6DFLWLDket2FwLkLpil4hGCZ1xYEIMTcivdfwEOISgdbLEWyG3HW52gTq2V9mOVJrONgiwg==",
      "engines": {
        "node": ">=14"
      },
      "peerDependencies": {
        "@opentelemetry/api": ">=1.0.0 <1.10.0"
      }
    },
    "node_modules/@opentelemetry/sdk-trace-node/node_modules/@opentelemetry/core": {
      "version": "1.26.0",
      "resolved": "https://registry.npmjs.org/@opentelemetry/core/-/core-1.26.0.tgz",
      "integrity": "sha512-1iKxXXE8415Cdv0yjG3G6hQnB5eVEsJce3QaawX8SjDn0mAS0ZM8fAbZZJD4ajvhC15cePvosSCut404KrIIvQ==",
      "dependencies": {
        "@opentelemetry/semantic-conventions": "1.27.0"
      },
      "engines": {
        "node": ">=14"
      },
      "peerDependencies": {
        "@opentelemetry/api": ">=1.0.0 <1.10.0"
      }
    },
    "node_modules/@opentelemetry/sdk-trace-node/node_modules/@opentelemetry/propagator-b3": {
      "version": "1.26.0",
      "resolved": "https://registry.npmjs.org/@opentelemetry/propagator-b3/-/propagator-b3-1.26.0.tgz",
      "integrity": "sha512-vvVkQLQ/lGGyEy9GT8uFnI047pajSOVnZI2poJqVGD3nJ+B9sFGdlHNnQKophE3lHfnIH0pw2ubrCTjZCgIj+Q==",
      "dependencies": {
        "@opentelemetry/core": "1.26.0"
      },
      "engines": {
        "node": ">=14"
      },
      "peerDependencies": {
        "@opentelemetry/api": ">=1.0.0 <1.10.0"
      }
    },
    "node_modules/@opentelemetry/sdk-trace-node/node_modules/@opentelemetry/propagator-jaeger": {
      "version": "1.26.0",
      "resolved": "https://registry.npmjs.org/@opentelemetry/propagator-jaeger/-/propagator-jaeger-1.26.0.tgz",
      "integrity": "sha512-DelFGkCdaxA1C/QA0Xilszfr0t4YbGd3DjxiCDPh34lfnFr+VkkrjV9S8ZTJvAzfdKERXhfOxIKBoGPJwoSz7Q==",
      "dependencies": {
        "@opentelemetry/core": "1.26.0"
      },
      "engines": {
        "node": ">=14"
      },
      "peerDependencies": {
        "@opentelemetry/api": ">=1.0.0 <1.10.0"
      }
    },
    "node_modules/@opentelemetry/sdk-trace-node/node_modules/@opentelemetry/sdk-trace-base": {
      "version": "1.26.0",
      "resolved": "https://registry.npmjs.org/@opentelemetry/sdk-trace-base/-/sdk-trace-base-1.26.0.tgz",
      "integrity": "sha512-olWQldtvbK4v22ymrKLbIcBi9L2SpMO84sCPY54IVsJhP9fRsxJT194C/AVaAuJzLE30EdhhM1VmvVYR7az+cw==",
      "dependencies": {
        "@opentelemetry/core": "1.26.0",
        "@opentelemetry/resources": "1.26.0",
        "@opentelemetry/semantic-conventions": "1.27.0"
      },
      "engines": {
        "node": ">=14"
      },
      "peerDependencies": {
        "@opentelemetry/api": ">=1.0.0 <1.10.0"
      }
    },
    "node_modules/@opentelemetry/sdk-trace-node/node_modules/semver": {
      "version": "7.6.3",
      "resolved": "https://registry.npmjs.org/semver/-/semver-7.6.3.tgz",
      "integrity": "sha512-oVekP1cKtI+CTDvHWYFUcMtsK/00wmAEfyqKfNdARm8u1wNVhSgaX7A8d4UuIlUI5e84iEwOhs7ZPYRmzU9U6A==",
      "bin": {
        "semver": "bin/semver.js"
      },
      "engines": {
        "node": ">=10"
      }
    },
    "node_modules/@opentelemetry/semantic-conventions": {
      "version": "1.27.0",
      "resolved": "https://registry.npmjs.org/@opentelemetry/semantic-conventions/-/semantic-conventions-1.27.0.tgz",
      "integrity": "sha512-sAay1RrB+ONOem0OZanAR1ZI/k7yDpnOQSQmTMuGImUQb2y8EbSaCJ94FQluM74xoU03vlb2d2U90hZluL6nQg==",
      "engines": {
        "node": ">=14"
      }
    },
    "node_modules/humanize-duration": {
      "version": "3.32.1",
      "resolved": "https://registry.npmjs.org/humanize-duration/-/humanize-duration-3.32.1.tgz",
      "integrity": "sha512-inh5wue5XdfObhu/IGEMiA1nUXigSGcaKNemcbLRKa7jXYGDZXr3LoT9pTIzq2hPEbld7w/qv9h+ikWGz8fL1g=="
    },
    "node_modules/source-map-support": {
      "version": "0.5.21",
      "resolved": "https://registry.npmjs.org/source-map-support/-/source-map-support-0.5.21.tgz",
      "integrity": "sha512-uBHU3L3czsIyYXKX88fdrGovxdSCoTGDRZ6SYXtSRxLZUzHg5P/66Ht6uoUlHu9EZod+inXhKo3qQgwXUT/y1w==",
      "dependencies": {
        "buffer-from": "^1.0.0",
        "source-map": "^0.6.0"
      }
    },
    "node_modules/source-map-support/node_modules/buffer-from": {
      "version": "1.1.2",
      "resolved": "https://registry.npmjs.org/buffer-from/-/buffer-from-1.1.2.tgz",
      "integrity": "sha512-E+XQCRwSbaaiChtv6k6Dwgc+bx+Bs6vuKJHHl5kox/BaKbhiXzqQOwK4cO22yElGp2OCmjwVhT3HmxgyPGnJfQ=="
    },
    "node_modules/source-map-support/node_modules/source-map": {
      "version": "0.6.1",
      "resolved": "https://registry.npmjs.org/source-map/-/source-map-0.6.1.tgz",
      "integrity": "sha512-UjgapumWlbMhkBgzT7Ykc5YXUT46F0iKu8SGXq0bcwP5dz/h0Plj6enJqjz1Zbq2l5WaqYnrVbwWOWMyF3F47g==",
      "engines": {
        "node": ">=0.10.0"
      }
    },
    "node_modules/superjson": {
      "version": "2.2.1",
      "resolved": "https://registry.npmjs.org/superjson/-/superjson-2.2.1.tgz",
      "integrity": "sha512-8iGv75BYOa0xRJHK5vRLEjE2H/i4lulTjzpUXic3Eg8akftYjkmQDa8JARQ42rlczXyFR3IeRoeFCc7RxHsYZA==",
      "dependencies": {
        "copy-anything": "^3.0.2"
      },
      "engines": {
        "node": ">=16"
      }
    },
    "node_modules/superjson/node_modules/copy-anything": {
      "version": "3.0.5",
      "resolved": "https://registry.npmjs.org/copy-anything/-/copy-anything-3.0.5.tgz",
      "integrity": "sha512-yCEafptTtb4bk7GLEQoM8KVJpxAfdBJYaXyzQEgQQQgYrZiDp8SJmGKlYza6CYjEDNstAdNdKA3UuoULlEbS6w==",
      "dependencies": {
        "is-what": "^4.1.8"
      },
      "engines": {
        "node": ">=12.13"
      },
      "funding": {
        "url": "https://github.com/sponsors/mesqueeb"
      }
    },
    "node_modules/superjson/node_modules/copy-anything/node_modules/is-what": {
      "version": "4.1.16",
      "resolved": "https://registry.npmjs.org/is-what/-/is-what-4.1.16.tgz",
      "integrity": "sha512-ZhMwEosbFJkA0YhFnNDgTM4ZxDRsS6HqTo7qsZM08fehyRYIYa0yHu5R6mgo1n/8MgaPBXiPimPD77baVFYg+A==",
      "engines": {
        "node": ">=12.13"
      },
      "funding": {
        "url": "https://github.com/sponsors/mesqueeb"
      }
    },
    "node_modules/zod": {
      "version": "3.22.3",
      "resolved": "https://registry.npmjs.org/zod/-/zod-3.22.3.tgz",
      "integrity": "sha512-EjIevzuJRiRPbVH4mGc8nApb/lVLKVpmUhAaR5R5doKGfAnGJ6Gr3CViAVjP+4FWSxCsybeWQdcgCtbX+7oZug==",
      "funding": {
        "url": "https://github.com/sponsors/colinhacks"
      }
    },
    "node_modules/zod-validation-error": {
      "version": "1.5.0",
      "resolved": "https://registry.npmjs.org/zod-validation-error/-/zod-validation-error-1.5.0.tgz",
      "integrity": "sha512-/7eFkAI4qV0tcxMBB/3+d2c1P6jzzZYdYSlBuAklzMuCrJu5bzJfHS0yVAS87dRHVlhftd6RFJDIvv03JgkSbw==",
      "engines": {
        "node": ">=16.0.0"
      },
      "peerDependencies": {
        "zod": "^3.18.0"
      }
    }
  }
}
